
Microsoft Visual Studio Solution File, Format Version 12.00
# Visual Studio Version 16
VisualStudioVersion = 16.0.29613.14
MinimumVisualStudioVersion = 10.0.40219.1
Project("{E24C65DC-7377-472B-9ABA-BC803B73C61A}") = "FlashCards.App", ".", "{6811ED7C-C462-40FE-BACB-63978AEF1591}"
	ProjectSection(WebsiteProperties) = preProject
		TargetFrameworkMoniker = ".NETFramework,Version%3Dv4.0"
		Debug.AspNetCompiler.VirtualPath = "/localhost_52709"
		Debug.AspNetCompiler.PhysicalPath = "..\FlashCards.App\"
		Debug.AspNetCompiler.TargetPath = "PrecompiledWeb\localhost_52709\"
		Debug.AspNetCompiler.Updateable = "true"
		Debug.AspNetCompiler.ForceOverwrite = "true"
		Debug.AspNetCompiler.FixedNames = "false"
		Debug.AspNetCompiler.Debug = "True"
		Release.AspNetCompiler.VirtualPath = "/localhost_52709"
		Release.AspNetCompiler.PhysicalPath = "..\FlashCards.App\"
		Release.AspNetCompiler.TargetPath = "PrecompiledWeb\localhost_52709\"
		Release.AspNetCompiler.Updateable = "true"
		Release.AspNetCompiler.ForceOverwrite = "true"
		Release.AspNetCompiler.FixedNames = "false"
		Release.AspNetCompiler.Debug = "False"
		VWDPort = "52709"
		SlnRelativePath = "..\FlashCards.App\"
	EndProjectSection
EndProject
Global
	GlobalSection(SolutionConfigurationPlatforms) = preSolution
		Debug|Any CPU = Debug|Any CPU
	EndGlobalSection
	GlobalSection(ProjectConfigurationPlatforms) = postSolution
		{6811ED7C-C462-40FE-BACB-63978AEF1591}.Debug|Any CPU.ActiveCfg = Debug|Any CPU
		{6811ED7C-C462-40FE-BACB-63978AEF1591}.Debug|Any CPU.Build.0 = Debug|Any CPU
	EndGlobalSection
	GlobalSection(SolutionProperties) = preSolution
		HideSolutionNode = FALSE
	EndGlobalSection
	GlobalSection(ExtensibilityGlobals) = postSolution
		SolutionGuid = {4984C4D4-8148-435E-853C-F3A1B7B3FF2D}
	EndGlobalSection
EndGlobal
